
Microsoft Visual Studio Solution File, Format Version 12.00
# Visual Studio Version 17
VisualStudioVersion = 17.7.34031.279
MinimumVisualStudioVersion = 10.0.40219.1
Project("{FAE04EC0-301F-11D3-BF4B-00C04F79EFBC}") = "ProgAssign1", "ProgAssign1.csproj", "{94141DA2-A3EE-446C-A281-D6A5F573F3FD}"
EndProject
Global
	GlobalSection(SolutionConfigurationPlatforms) = preSolution
		Debug|Any CPU = Debug|Any CPU
		Release|Any CPU = Release|Any CPU
	EndGlobalSection
	GlobalSection(ProjectConfigurationPlatforms) = postSolution
		{94141DA2-A3EE-446C-A281-D6A5F573F3FD}.Debug|Any CPU.ActiveCfg = Debug|Any CPU
		{94141DA2-A3EE-446C-A281-D6A5F573F3FD}.Debug|Any CPU.Build.0 = Debug|Any CPU
		{94141DA2-A3EE-446C-A281-D6A5F573F3FD}.Release|Any CPU.ActiveCfg = Release|Any CPU
		{94141DA2-A3EE-446C-A281-D6A5F573F3FD}.Release|Any CPU.Build.0 = Release|Any CPU
	EndGlobalSection
	GlobalSection(SolutionProperties) = preSolution
		HideSolutionNode = FALSE
	EndGlobalSection
	GlobalSection(ExtensibilityGlobals) = postSolution
		SolutionGuid = {5F203C0E-B216-49AC-B365-D6BF4F07CB47}
	EndGlobalSection
EndGlobal
